// !$*UTF8*$!
{
	archiveVersion = 1;
	classes = {
	};
	objectVersion = 50;
	objects = {

/* Begin PBXBuildFile section */
		F641116A255147B9003B28BD /* AppDelegate.swift in Sources */ = {isa = PBXBuildFile; fileRef = F6411169255147B9003B28BD /* AppDelegate.swift */; };
		F641116C255147B9003B28BD /* SceneDelegate.swift in Sources */ = {isa = PBXBuildFile; fileRef = F641116B255147B9003B28BD /* SceneDelegate.swift */; };
		F641116E255147B9003B28BD /* ViewController.swift in Sources */ = {isa = PBXBuildFile; fileRef = F641116D255147B9003B28BD /* ViewController.swift */; };
		F6411171255147B9003B28BD /* Main.storyboard in Resources */ = {isa = PBXBuildFile; fileRef = F641116F255147B9003B28BD /* Main.storyboard */; };
		F6411173255147B9003B28BD /* Assets.xcassets in Resources */ = {isa = PBXBuildFile; fileRef = F6411172255147B9003B28BD /* Assets.xcassets */; };
		F6411176255147B9003B28BD /* LaunchScreen.storyboard in Resources */ = {isa = PBXBuildFile; fileRef = F6411174255147B9003B28BD /* LaunchScreen.storyboard */; };
		F6411181255148FC003B28BD /* CGFloat + Relative Value.swift in Sources */ = {isa = PBXBuildFile; fileRef = F6411180255148FC003B28BD /* CGFloat + Relative Value.swift */; };
		F641118625514975003B28BD /* AdaptiveLayoutConstraint.swift in Sources */ = {isa = PBXBuildFile; fileRef = F641118525514975003B28BD /* AdaptiveLayoutConstraint.swift */; };
		F641118A255149EF003B28BD /* Views + Relative Layout Value.swift in Sources */ = {isa = PBXBuildFile; fileRef = F6411189255149EF003B28BD /* Views + Relative Layout Value.swift */; };
/* End PBXBuildFile section */

/* Begin PBXFileReference section */
		F6411166255147B9003B28BD /* AdaptiveLayoutExample.app */ = {isa = PBXFileReference; explicitFileType = wrapper.application; includeInIndex = 0; path = AdaptiveLayoutExample.app; sourceTree = BUILT_PRODUCTS_DIR; };
		F6411169255147B9003B28BD /* AppDelegate.swift */ = {isa = PBXFileReference; lastKnownFileType = sourcecode.swift; path = AppDelegate.swift; sourceTree = "<group>"; };
		F641116B255147B9003B28BD /* SceneDelegate.swift */ = {isa = PBXFileReference; lastKnownFileType = sourcecode.swift; path = SceneDelegate.swift; sourceTree = "<group>"; };
		F641116D255147B9003B28BD /* ViewController.swift */ = {isa = PBXFileReference; lastKnownFileType = sourcecode.swift; path = ViewController.swift; sourceTree = "<group>"; };
		F6411170255147B9003B28BD /* Base */ = {isa = PBXFileReference; lastKnownFileType = file.storyboard; name = Base; path = Base.lproj/Main.storyboard; sourceTree = "<group>"; };
		F6411172255147B9003B28BD /* Assets.xcassets */ = {isa = PBXFileReference; lastKnownFileType = folder.assetcatalog; path = Assets.xcassets; sourceTree = "<group>"; };
		F6411175255147B9003B28BD /* Base */ = {isa = PBXFileReference; lastKnownFileType = file.storyboard; name = Base; path = Base.lproj/LaunchScreen.storyboard; sourceTree = "<group>"; };
		F6411177255147B9003B28BD /* Info.plist */ = {isa = PBXFileReference; lastKnownFileType = text.plist.xml; path = Info.plist; sourceTree = "<group>"; };
		F6411180255148FC003B28BD /* CGFloat + Relative Value.swift */ = {isa = PBXFileReference; lastKnownFileType = sourcecode.swift; path = "CGFloat + Relative Value.swift"; sourceTree = "<group>"; };
		F641118525514975003B28BD /* AdaptiveLayoutConstraint.swift */ = {isa = PBXFileReference; lastKnownFileType = sourcecode.swift; path = AdaptiveLayoutConstraint.swift; sourceTree = "<group>"; };
		F6411189255149EF003B28BD /* Views + Relative Layout Value.swift */ = {isa = PBXFileReference; lastKnownFileType = sourcecode.swift; path = "Views + Relative Layout Value.swift"; sourceTree = "<group>"; };
/* End PBXFileReference section */

/* Begin PBXFrameworksBuildPhase section */
		F6411163255147B9003B28BD /* Frameworks */ = {
			isa = PBXFrameworksBuildPhase;
			buildActionMask = 2147483647;
			files = (
			);
			runOnlyForDeploymentPostprocessing = 0;
		};
/* End PBXFrameworksBuildPhase section */

/* Begin PBXGroup section */
		F641115D255147B9003B28BD = {
			isa = PBXGroup;
			children = (
				F6411168255147B9003B28BD /* AdaptiveLayoutExample */,
				F6411167255147B9003B28BD /* Products */,
			);
			sourceTree = "<group>";
		};
		F6411167255147B9003B28BD /* Products */ = {
			isa = PBXGroup;
			children = (
				F6411166255147B9003B28BD /* AdaptiveLayoutExample.app */,
			);
			name = Products;
			sourceTree = "<group>";
		};
		F6411168255147B9003B28BD /* AdaptiveLayoutExample */ = {
			isa = PBXGroup;
			children = (
				F641118425514966003B28BD /* component */,
				F641117F255148E6003B28BD /* extension */,
				F6411169255147B9003B28BD /* AppDelegate.swift */,
				F641116B255147B9003B28BD /* SceneDelegate.swift */,
				F641116D255147B9003B28BD /* ViewController.swift */,
				F641116F255147B9003B28BD /* Main.storyboard */,
				F6411172255147B9003B28BD /* Assets.xcassets */,
				F6411174255147B9003B28BD /* LaunchScreen.storyboard */,
				F6411177255147B9003B28BD /* Info.plist */,
			);
			path = AdaptiveLayoutExample;
			sourceTree = "<group>";
		};
		F641117F255148E6003B28BD /* extension */ = {
			isa = PBXGroup;
			children = (
				F6411180255148FC003B28BD /* CGFloat + Relative Value.swift */,
				F6411189255149EF003B28BD /* Views + Relative Layout Value.swift */,
			);
			path = extension;
			sourceTree = "<group>";
		};
		F641118425514966003B28BD /* component */ = {
			isa = PBXGroup;
			children = (
				F641118525514975003B28BD /* AdaptiveLayoutConstraint.swift */,
			);
			path = component;
			sourceTree = "<group>";
		};
/* End PBXGroup section */

/* Begin PBXNativeTarget section */
		F6411165255147B9003B28BD /* AdaptiveLayoutExample */ = {
			isa = PBXNativeTarget;
			buildConfigurationList = F641117A255147B9003B28BD /* Build configuration list for PBXNativeTarget "AdaptiveLayoutExample" */;
			buildPhases = (
				F6411162255147B9003B28BD /* Sources */,
				F6411163255147B9003B28BD /* Frameworks */,
				F6411164255147B9003B28BD /* Resources */,
			);
			buildRules = (
			);
			dependencies = (
			);
			name = AdaptiveLayoutExample;
			productName = AdaptiveLayoutExample;
			productReference = F6411166255147B9003B28BD /* AdaptiveLayoutExample.app */;
			productType = "com.apple.product-type.application";
		};
/* End PBXNativeTarget section */

/* Begin PBXProject section */
		F641115E255147B9003B28BD /* Project object */ = {
			isa = PBXProject;
			attributes = {
				LastSwiftUpdateCheck = 1210;
				LastUpgradeCheck = 1210;
				TargetAttributes = {
					F6411165255147B9003B28BD = {
						CreatedOnToolsVersion = 12.1;
					};
				};
			};
			buildConfigurationList = F6411161255147B9003B28BD /* Build configuration list for PBXProject "AdaptiveLayoutExample" */;
			compatibilityVersion = "Xcode 9.3";
			developmentRegion = en;
			hasScannedForEncodings = 0;
			knownRegions = (
				en,
				Base,
			);
			mainGroup = F641115D255147B9003B28BD;
			productRefGroup = F6411167255147B9003B28BD /* Products */;
			projectDirPath = "";
			projectRoot = "";
			targets = (
				F6411165255147B9003B28BD /* AdaptiveLayoutExample */,
			);
		};
/* End PBXProject section */

/* Begin PBXResourcesBuildPhase section */
		F6411164255147B9003B28BD /* Resources */ = {
			isa = PBXResourcesBuildPhase;
			buildActionMask = 2147483647;
			files = (
				F6411176255147B9003B28BD /* LaunchScreen.storyboard in Resources */,
				F6411173255147B9003B28BD /* Assets.xcassets in Resources */,
				F6411171255147B9003B28BD /* Main.storyboard in Resources */,
			);
			runOnlyForDeploymentPostprocessing = 0;
		};
/* End PBXResourcesBuildPhase section */

/* Begin PBXSourcesBuildPhase section */
		F6411162255147B9003B28BD /* Sources */ = {
			isa = PBXSourcesBuildPhase;
			buildActionMask = 2147483647;
			files = (
				F641116E255147B9003B28BD /* ViewController.swift in Sources */,
				F6411181255148FC003B28BD /* CGFloat + Relative Value.swift in Sources */,
				F641118625514975003B28BD /* AdaptiveLayoutConstraint.swift in Sources */,
				F641118A255149EF003B28BD /* Views + Relative Layout Value.swift in Sources */,
				F641116A255147B9003B28BD /* AppDelegate.swift in Sources */,
				F641116C255147B9003B28BD /* SceneDelegate.swift in Sources */,
			);
			runOnlyForDeploymentPostprocessing = 0;
		};
/* End PBXSourcesBuildPhase section */

/* Begin PBXVariantGroup section */
		F641116F255147B9003B28BD /* Main.storyboard */ = {
			isa = PBXVariantGroup;
			children = (
				F6411170255147B9003B28BD /* Base */,
			);
			name = Main.storyboard;
			sourceTree = "<group>";
		};
		F6411174255147B9003B28BD /* LaunchScreen.storyboard */ = {
			isa = PBXVariantGroup;
			children = (
				F6411175255147B9003B28BD /* Base */,
			);
			name = LaunchScreen.storyboard;
			sourceTree = "<group>";
		};
/* End PBXVariantGroup section */

/* Begin XCBuildConfiguration section */
		F6411178255147B9003B28BD /* Debug */ = {
			isa = XCBuildConfiguration;
			buildSettings = {
				ALWAYS_SEARCH_USER_PATHS = NO;
				CLANG_ANALYZER_NONNULL = YES;
				CLANG_ANALYZER_NUMBER_OBJECT_CONVERSION = YES_AGGRESSIVE;
				CLANG_CXX_LANGUAGE_STANDARD = "gnu++14";
				CLANG_CXX_LIBRARY = "libc++";
				CLANG_ENABLE_MODULES = YES;
				CLANG_ENABLE_OBJC_ARC = YES;
				CLANG_ENABLE_OBJC_WEAK = YES;
				CLANG_WARN_BLOCK_CAPTURE_AUTORELEASING = YES;
				CLANG_WARN_BOOL_CONVERSION = YES;
				CLANG_WARN_COMMA = YES;
				CLANG_WARN_CONSTANT_CONVERSION = YES;
				CLANG_WARN_DEPRECATED_OBJC_IMPLEMENTATIONS = YES;
				CLANG_WARN_DIRECT_OBJC_ISA_USAGE = YES_ERROR;
				CLANG_WARN_DOCUMENTATION_COMMENTS = YES;
				CLANG_WARN_EMPTY_BODY = YES;
				CLANG_WARN_ENUM_CONVERSION = YES;
				CLANG_WARN_INFINITE_RECURSION = YES;
				CLANG_WARN_INT_CONVERSION = YES;
				CLANG_WARN_NON_LITERAL_NULL_CONVERSION = YES;
				CLANG_WARN_OBJC_IMPLICIT_RETAIN_SELF = YES;
				CLANG_WARN_OBJC_LITERAL_CONVERSION = YES;
				CLANG_WARN_OBJC_ROOT_CLASS = YES_ERROR;
				CLANG_WARN_QUOTED_INCLUDE_IN_FRAMEWORK_HEADER = YES;
				CLANG_WARN_RANGE_LOOP_ANALYSIS = YES;
				CLANG_WARN_STRICT_PROTOTYPES = YES;
				CLANG_WARN_SUSPICIOUS_MOVE = YES;
				CLANG_WARN_UNGUARDED_AVAILABILITY = YES_AGGRESSIVE;
				CLANG_WARN_UNREACHABLE_CODE = YES;
				CLANG_WARN__DUPLICATE_METHOD_MATCH = YES;
				COPY_PHASE_STRIP = NO;
				DEBUG_INFORMATION_FORMAT = dwarf;
				ENABLE_STRICT_OBJC_MSGSEND = YES;
				ENABLE_TESTABILITY = YES;
				GCC_C_LANGUAGE_STANDARD = gnu11;
				GCC_DYNAMIC_NO_PIC = NO;
				GCC_NO_COMMON_BLOCKS = YES;
				GCC_OPTIMIZATION_LEVEL = 0;
				GCC_PREPROCESSOR_DEFINITIONS = (
					"DEBUG=1",
					"$(inherited)",
				);
				GCC_WARN_64_TO_32_BIT_CONVERSION = YES;
				GCC_WARN_ABOUT_RETURN_TYPE = YES_ERROR;
				GCC_WARN_UNDECLARED_SELECTOR = YES;
				GCC_WARN_UNINITIALIZED_AUTOS = YES_AGGRESSIVE;
				GCC_WARN_UNUSED_FUNCTION = YES;
				GCC_WARN_UNUSED_VARIABLE = YES;
				IPHONEOS_DEPLOYMENT_TARGET = 14.1;
				MTL_ENABLE_DEBUG_INFO = INCLUDE_SOURCE;
				MTL_FAST_MATH = YES;
				ONLY_ACTIVE_ARCH = YES;
				SDKROOT = iphoneos;
				SWIFT_ACTIVE_COMPILATION_CONDITIONS = DEBUG;
				SWIFT_OPTIMIZATION_LEVEL = "-Onone";
			};
			name = Debug;
		};
		F6411179255147B9003B28BD /* Release */ = {
			isa = XCBuildConfiguration;
			buildSettings = {
				ALWAYS_SEARCH_USER_PATHS = NO;
				CLANG_ANALYZER_NONNULL = YES;
				CLANG_ANALYZER_NUMBER_OBJECT_CONVERSION = YES_AGGRESSIVE;
				CLANG_CXX_LANGUAGE_STANDARD = "gnu++14";
				CLANG_CXX_LIBRARY = "libc++";
				CLANG_ENABLE_MODULES = YES;
				CLANG_ENABLE_OBJC_ARC = YES;
				CLANG_ENABLE_OBJC_WEAK = YES;
				CLANG_WARN_BLOCK_CAPTURE_AUTORELEASING = YES;
				CLANG_WARN_BOOL_CONVERSION = YES;
				CLANG_WARN_COMMA = YES;
				CLANG_WARN_CONSTANT_CONVERSION = YES;
				CLANG_WARN_DEPRECATED_OBJC_IMPLEMENTATIONS = YES;
				CLANG_WARN_DIRECT_OBJC_ISA_USAGE = YES_ERROR;
				CLANG_WARN_DOCUMENTATION_COMMENTS = YES;
				CLANG_WARN_EMPTY_BODY = YES;
				CLANG_WARN_ENUM_CONVERSION = YES;
				CLANG_WARN_INFINITE_RECURSION = YES;
				CLANG_WARN_INT_CONVERSION = YES;
				CLANG_WARN_NON_LITERAL_NULL_CONVERSION = YES;
				CLANG_WARN_OBJC_IMPLICIT_RETAIN_SELF = YES;
				CLANG_WARN_OBJC_LITERAL_CONVERSION = YES;
				CLANG_WARN_OBJC_ROOT_CLASS = YES_ERROR;
				CLANG_WARN_QUOTED_INCLUDE_IN_FRAMEWORK_HEADER = YES;
				CLANG_WARN_RANGE_LOOP_ANALYSIS = YES;
				CLANG_WARN_STRICT_PROTOTYPES = YES;
				CLANG_WARN_SUSPICIOUS_MOVE = YES;
				CLANG_WARN_UNGUARDED_AVAILABILITY = YES_AGGRESSIVE;
				CLANG_WARN_UNREACHABLE_CODE = YES;
				CLANG_WARN__DUPLICATE_METHOD_MATCH = YES;
				COPY_PHASE_STRIP = NO;
				DEBUG_INFORMATION_FORMAT = "dwarf-with-dsym";
				ENABLE_NS_ASSERTIONS = NO;
				ENABLE_STRICT_OBJC_MSGSEND = YES;
				GCC_C_LANGUAGE_STANDARD = gnu11;
				GCC_NO_COMMON_BLOCKS = YES;
				GCC_WARN_64_TO_32_BIT_CONVERSION = YES;
				GCC_WARN_ABOUT_RETURN_TYPE = YES_ERROR;
				GCC_WARN_UNDECLARED_SELECTOR = YES;
				GCC_WARN_UNINITIALIZED_AUTOS = YES_AGGRESSIVE;
				GCC_WARN_UNUSED_FUNCTION = YES;
				GCC_WARN_UNUSED_VARIABLE = YES;
				IPHONEOS_DEPLOYMENT_TARGET = 14.1;
				MTL_ENABLE_DEBUG_INFO = NO;
				MTL_FAST_MATH = YES;
				SDKROOT = iphoneos;
				SWIFT_COMPILATION_MODE = wholemodule;
				SWIFT_OPTIMIZATION_LEVEL = "-O";
				VALIDATE_PRODUCT = YES;
			};
			name = Release;
		};
		F641117B255147B9003B28BD /* Debug */ = {
			isa = XCBuildConfiguration;
			buildSettings = {
				ASSETCATALOG_COMPILER_APPICON_NAME = AppIcon;
				ASSETCATALOG_COMPILER_GLOBAL_ACCENT_COLOR_NAME = AccentColor;
				CODE_SIGN_STYLE = Automatic;
				DEVELOPMENT_TEAM = 35W7TZ9DUM;
				INFOPLIST_FILE = AdaptiveLayoutExample/Info.plist;
				LD_RUNPATH_SEARCH_PATHS = (
					"$(inherited)",
					"@executable_path/Frameworks",
				);
				PRODUCT_BUNDLE_IDENTIFIER = com.paige.AdaptiveLayoutExample;
				PRODUCT_NAME = "$(TARGET_NAME)";
				SWIFT_VERSION = 5.0;
				TARGETED_DEVICE_FAMILY = "1,2";
			};
			name = Debug;
		};
		F641117C255147B9003B28BD /* Release */ = {
			isa = XCBuildConfiguration;
			buildSettings = {
				ASSETCATALOG_COMPILER_APPICON_NAME = AppIcon;
				ASSETCATALOG_COMPILER_GLOBAL_ACCENT_COLOR_NAME = AccentColor;
				CODE_SIGN_STYLE = Automatic;
				DEVELOPMENT_TEAM = 35W7TZ9DUM;
				INFOPLIST_FILE = AdaptiveLayoutExample/Info.plist;
				LD_RUNPATH_SEARCH_PATHS = (
					"$(inherited)",
					"@executable_path/Frameworks",
				);
				PRODUCT_BUNDLE_IDENTIFIER = com.paige.AdaptiveLayoutExample;
				PRODUCT_NAME = "$(TARGET_NAME)";
				SWIFT_VERSION = 5.0;
				TARGETED_DEVICE_FAMILY = "1,2";
			};
			name = Release;
		};
/* End XCBuildConfiguration section */

/* Begin XCConfigurationList section */
		F6411161255147B9003B28BD /* Build configuration list for PBXProject "AdaptiveLayoutExample" */ = {
			isa = XCConfigurationList;
			buildConfigurations = (
				F6411178255147B9003B28BD /* Debug */,
				F6411179255147B9003B28BD /* Release */,
			);
			defaultConfigurationIsVisible = 0;
			defaultConfigurationName = Release;
		};
		F641117A255147B9003B28BD /* Build configuration list for PBXNativeTarget "AdaptiveLayoutExample" */ = {
			isa = XCConfigurationList;
			buildConfigurations = (
				F641117B255147B9003B28BD /* Debug */,
				F641117C255147B9003B28BD /* Release */,
			);
			defaultConfigurationIsVisible = 0;
			defaultConfigurationName = Release;
		};
/* End XCConfigurationList section */
	};
	rootObject = F641115E255147B9003B28BD /* Project object */;
}
